// !$*UTF8*$!
{
	archiveVersion = 1;
	classes = {
	};
	objectVersion = 46;
	objects = {

/* Begin PBXBuildFile section */
		83D0B9CC193657930066DB81 /* Foundation.framework in Frameworks */ = {isa = PBXBuildFile; fileRef = 83D0B9CB193657930066DB81 /* Foundation.framework */; };
		83D0B9CE193657930066DB81 /* CoreGraphics.framework in Frameworks */ = {isa = PBXBuildFile; fileRef = 83D0B9CD193657930066DB81 /* CoreGraphics.framework */; };
		83D0B9D0193657930066DB81 /* UIKit.framework in Frameworks */ = {isa = PBXBuildFile; fileRef = 83D0B9CF193657930066DB81 /* UIKit.framework */; };
		83D0B9D6193657930066DB81 /* InfoPlist.strings in Resources */ = {isa = PBXBuildFile; fileRef = 83D0B9D4193657930066DB81 /* InfoPlist.strings */; };
		83D0B9D8193657930066DB81 /* main.m in Sources */ = {isa = PBXBuildFile; fileRef = 83D0B9D7193657930066DB81 /* main.m */; };
		83D0B9DC193657930066DB81 /* AppDelegate.m in Sources */ = {isa = PBXBuildFile; fileRef = 83D0B9DB193657930066DB81 /* AppDelegate.m */; };
		83D0B9DE193657930066DB81 /* Images.xcassets in Resources */ = {isa = PBXBuildFile; fileRef = 83D0B9DD193657930066DB81 /* Images.xcassets */; };
		83D0B9E5193657930066DB81 /* XCTest.framework in Frameworks */ = {isa = PBXBuildFile; fileRef = 83D0B9E4193657930066DB81 /* XCTest.framework */; };
		83D0B9E6193657930066DB81 /* Foundation.framework in Frameworks */ = {isa = PBXBuildFile; fileRef = 83D0B9CB193657930066DB81 /* Foundation.framework */; };
		83D0B9E7193657930066DB81 /* UIKit.framework in Frameworks */ = {isa = PBXBuildFile; fileRef = 83D0B9CF193657930066DB81 /* UIKit.framework */; };
		83D0B9EF193657930066DB81 /* InfoPlist.strings in Resources */ = {isa = PBXBuildFile; fileRef = 83D0B9ED193657930066DB81 /* InfoPlist.strings */; };
		83D0B9F1193657930066DB81 /* QQISSOTests.m in Sources */ = {isa = PBXBuildFile; fileRef = 83D0B9F0193657930066DB81 /* QQISSOTests.m */; };
		83D0BA0219365C0D0066DB81 /* ComidasViewController.m in Sources */ = {isa = PBXBuildFile; fileRef = 83D0BA0019365C0D0066DB81 /* ComidasViewController.m */; };
		83D0BA0319365C0D0066DB81 /* ComidasViewController.xib in Resources */ = {isa = PBXBuildFile; fileRef = 83D0BA0119365C0D0066DB81 /* ComidasViewController.xib */; };
		83D0BA0719365C2B0066DB81 /* EscolhaTemasViewController.m in Sources */ = {isa = PBXBuildFile; fileRef = 83D0BA0519365C2B0066DB81 /* EscolhaTemasViewController.m */; };
		83D0BA0819365C2B0066DB81 /* EscolhaTemasViewController.xib in Resources */ = {isa = PBXBuildFile; fileRef = 83D0BA0619365C2B0066DB81 /* EscolhaTemasViewController.xib */; };
		83D0BA0D19365C5F0066DB81 /* FilmesViewController.m in Sources */ = {isa = PBXBuildFile; fileRef = 83D0BA0B19365C5F0066DB81 /* FilmesViewController.m */; };
		83D0BA0E19365C5F0066DB81 /* FilmesViewController.xib in Resources */ = {isa = PBXBuildFile; fileRef = 83D0BA0C19365C5F0066DB81 /* FilmesViewController.xib */; };
		83D0BA1219365CE00066DB81 /* TelaInicialViewController.m in Sources */ = {isa = PBXBuildFile; fileRef = 83D0BA1019365CE00066DB81 /* TelaInicialViewController.m */; };
		83D0BA1319365CE00066DB81 /* TelaInicialViewController.xib in Resources */ = {isa = PBXBuildFile; fileRef = 83D0BA1119365CE00066DB81 /* TelaInicialViewController.xib */; };
/* End PBXBuildFile section */

/* Begin PBXContainerItemProxy section */
		83D0B9E8193657930066DB81 /* PBXContainerItemProxy */ = {
			isa = PBXContainerItemProxy;
			containerPortal = 83D0B9C0193657930066DB81 /* Project object */;
			proxyType = 1;
			remoteGlobalIDString = 83D0B9C7193657930066DB81;
			remoteInfo = QQISSO;
		};
/* End PBXContainerItemProxy section */

/* Begin PBXFileReference section */
		83D0B9C8193657930066DB81 /* QQISSO.app */ = {isa = PBXFileReference; explicitFileType = wrapper.application; includeInIndex = 0; path = QQISSO.app; sourceTree = BUILT_PRODUCTS_DIR; };
		83D0B9CB193657930066DB81 /* Foundation.framework */ = {isa = PBXFileReference; lastKnownFileType = wrapper.framework; name = Foundation.framework; path = System/Library/Frameworks/Foundation.framework; sourceTree = SDKROOT; };
		83D0B9CD193657930066DB81 /* CoreGraphics.framework */ = {isa = PBXFileReference; lastKnownFileType = wrapper.framework; name = CoreGraphics.framework; path = System/Library/Frameworks/CoreGraphics.framework; sourceTree = SDKROOT; };
		83D0B9CF193657930066DB81 /* UIKit.framework */ = {isa = PBXFileReference; lastKnownFileType = wrapper.framework; name = UIKit.framework; path = System/Library/Frameworks/UIKit.framework; sourceTree = SDKROOT; };
		83D0B9D3193657930066DB81 /* QQISSO-Info.plist */ = {isa = PBXFileReference; lastKnownFileType = text.plist.xml; path = "QQISSO-Info.plist"; sourceTree = "<group>"; };
		83D0B9D5193657930066DB81 /* en */ = {isa = PBXFileReference; lastKnownFileType = text.plist.strings; name = en; path = en.lproj/InfoPlist.strings; sourceTree = "<group>"; };
		83D0B9D7193657930066DB81 /* main.m */ = {isa = PBXFileReference; lastKnownFileType = sourcecode.c.objc; path = main.m; sourceTree = "<group>"; };
		83D0B9D9193657930066DB81 /* QQISSO-Prefix.pch */ = {isa = PBXFileReference; lastKnownFileType = sourcecode.c.h; path = "QQISSO-Prefix.pch"; sourceTree = "<group>"; };
		83D0B9DA193657930066DB81 /* AppDelegate.h */ = {isa = PBXFileReference; lastKnownFileType = sourcecode.c.h; path = AppDelegate.h; sourceTree = "<group>"; };
		83D0B9DB193657930066DB81 /* AppDelegate.m */ = {isa = PBXFileReference; lastKnownFileType = sourcecode.c.objc; path = AppDelegate.m; sourceTree = "<group>"; };
		83D0B9DD193657930066DB81 /* Images.xcassets */ = {isa = PBXFileReference; lastKnownFileType = folder.assetcatalog; path = Images.xcassets; sourceTree = "<group>"; };
		83D0B9E3193657930066DB81 /* QQISSOTests.xctest */ = {isa = PBXFileReference; explicitFileType = wrapper.cfbundle; includeInIndex = 0; path = QQISSOTests.xctest; sourceTree = BUILT_PRODUCTS_DIR; };
		83D0B9E4193657930066DB81 /* XCTest.framework */ = {isa = PBXFileReference; lastKnownFileType = wrapper.framework; name = XCTest.framework; path = Library/Frameworks/XCTest.framework; sourceTree = DEVELOPER_DIR; };
		83D0B9EC193657930066DB81 /* QQISSOTests-Info.plist */ = {isa = PBXFileReference; lastKnownFileType = text.plist.xml; path = "QQISSOTests-Info.plist"; sourceTree = "<group>"; };
		83D0B9EE193657930066DB81 /* en */ = {isa = PBXFileReference; lastKnownFileType = text.plist.strings; name = en; path = en.lproj/InfoPlist.strings; sourceTree = "<group>"; };
		83D0B9F0193657930066DB81 /* QQISSOTests.m */ = {isa = PBXFileReference; lastKnownFileType = sourcecode.c.objc; path = QQISSOTests.m; sourceTree = "<group>"; };
		83D0B9FF19365C0D0066DB81 /* ComidasViewController.h */ = {isa = PBXFileReference; fileEncoding = 4; lastKnownFileType = sourcecode.c.h; path = ComidasViewController.h; sourceTree = "<group>"; };
		83D0BA0019365C0D0066DB81 /* ComidasViewController.m */ = {isa = PBXFileReference; fileEncoding = 4; lastKnownFileType = sourcecode.c.objc; path = ComidasViewController.m; sourceTree = "<group>"; };
		83D0BA0119365C0D0066DB81 /* ComidasViewController.xib */ = {isa = PBXFileReference; fileEncoding = 4; lastKnownFileType = file.xib; path = ComidasViewController.xib; sourceTree = "<group>"; };
		83D0BA0419365C2B0066DB81 /* EscolhaTemasViewController.h */ = {isa = PBXFileReference; fileEncoding = 4; lastKnownFileType = sourcecode.c.h; path = EscolhaTemasViewController.h; sourceTree = "<group>"; };
		83D0BA0519365C2B0066DB81 /* EscolhaTemasViewController.m */ = {isa = PBXFileReference; fileEncoding = 4; lastKnownFileType = sourcecode.c.objc; path = EscolhaTemasViewController.m; sourceTree = "<group>"; };
		83D0BA0619365C2B0066DB81 /* EscolhaTemasViewController.xib */ = {isa = PBXFileReference; fileEncoding = 4; lastKnownFileType = file.xib; path = EscolhaTemasViewController.xib; sourceTree = "<group>"; };
		83D0BA0A19365C5F0066DB81 /* FilmesViewController.h */ = {isa = PBXFileReference; fileEncoding = 4; lastKnownFileType = sourcecode.c.h; path = FilmesViewController.h; sourceTree = "<group>"; };
		83D0BA0B19365C5F0066DB81 /* FilmesViewController.m */ = {isa = PBXFileReference; fileEncoding = 4; lastKnownFileType = sourcecode.c.objc; path = FilmesViewController.m; sourceTree = "<group>"; };
		83D0BA0C19365C5F0066DB81 /* FilmesViewController.xib */ = {isa = PBXFileReference; fileEncoding = 4; lastKnownFileType = file.xib; path = FilmesViewController.xib; sourceTree = "<group>"; };
		83D0BA0F19365CE00066DB81 /* TelaInicialViewController.h */ = {isa = PBXFileReference; fileEncoding = 4; lastKnownFileType = sourcecode.c.h; path = TelaInicialViewController.h; sourceTree = "<group>"; };
		83D0BA1019365CE00066DB81 /* TelaInicialViewController.m */ = {isa = PBXFileReference; fileEncoding = 4; lastKnownFileType = sourcecode.c.objc; path = TelaInicialViewController.m; sourceTree = "<group>"; };
		83D0BA1119365CE00066DB81 /* TelaInicialViewController.xib */ = {isa = PBXFileReference; fileEncoding = 4; lastKnownFileType = file.xib; path = TelaInicialViewController.xib; sourceTree = "<group>"; };
/* End PBXFileReference section */

/* Begin PBXFrameworksBuildPhase section */
		83D0B9C5193657930066DB81 /* Frameworks */ = {
			isa = PBXFrameworksBuildPhase;
			buildActionMask = 2147483647;
			files = (
				83D0B9CE193657930066DB81 /* CoreGraphics.framework in Frameworks */,
				83D0B9D0193657930066DB81 /* UIKit.framework in Frameworks */,
				83D0B9CC193657930066DB81 /* Foundation.framework in Frameworks */,
			);
			runOnlyForDeploymentPostprocessing = 0;
		};
		83D0B9E0193657930066DB81 /* Frameworks */ = {
			isa = PBXFrameworksBuildPhase;
			buildActionMask = 2147483647;
			files = (
				83D0B9E5193657930066DB81 /* XCTest.framework in Frameworks */,
				83D0B9E7193657930066DB81 /* UIKit.framework in Frameworks */,
				83D0B9E6193657930066DB81 /* Foundation.framework in Frameworks */,
			);
			runOnlyForDeploymentPostprocessing = 0;
		};
/* End PBXFrameworksBuildPhase section */

/* Begin PBXGroup section */
		83D0B9BF193657930066DB81 = {
			isa = PBXGroup;
			children = (
				83D0B9D1193657930066DB81 /* QQISSO */,
				83D0B9EA193657930066DB81 /* QQISSOTests */,
				83D0B9CA193657930066DB81 /* Frameworks */,
				83D0B9C9193657930066DB81 /* Products */,
			);
			sourceTree = "<group>";
		};
		83D0B9C9193657930066DB81 /* Products */ = {
			isa = PBXGroup;
			children = (
				83D0B9C8193657930066DB81 /* QQISSO.app */,
				83D0B9E3193657930066DB81 /* QQISSOTests.xctest */,
			);
			name = Products;
			sourceTree = "<group>";
		};
		83D0B9CA193657930066DB81 /* Frameworks */ = {
			isa = PBXGroup;
			children = (
				83D0B9CB193657930066DB81 /* Foundation.framework */,
				83D0B9CD193657930066DB81 /* CoreGraphics.framework */,
				83D0B9CF193657930066DB81 /* UIKit.framework */,
				83D0B9E4193657930066DB81 /* XCTest.framework */,
			);
			name = Frameworks;
			sourceTree = "<group>";
		};
		83D0B9D1193657930066DB81 /* QQISSO */ = {
			isa = PBXGroup;
			children = (
				83D0B9FD19365B4F0066DB81 /* fases */,
				83D0B9FC19365B390066DB81 /* app_delegate */,
				83D0B9FB19365B250066DB81 /* escolha_de_temas */,
				83D0B9FA19365AFF0066DB81 /* tela_inicial */,
				83D0B9DD193657930066DB81 /* Images.xcassets */,
				83D0B9D2193657930066DB81 /* Supporting Files */,
			);
			path = QQISSO;
			sourceTree = "<group>";
		};
		83D0B9D2193657930066DB81 /* Supporting Files */ = {
			isa = PBXGroup;
			children = (
				83D0B9D3193657930066DB81 /* QQISSO-Info.plist */,
				83D0B9D4193657930066DB81 /* InfoPlist.strings */,
				83D0B9D7193657930066DB81 /* main.m */,
				83D0B9D9193657930066DB81 /* QQISSO-Prefix.pch */,
			);
			name = "Supporting Files";
			sourceTree = "<group>";
		};
		83D0B9EA193657930066DB81 /* QQISSOTests */ = {
			isa = PBXGroup;
			children = (
				83D0B9F0193657930066DB81 /* QQISSOTests.m */,
				83D0B9EB193657930066DB81 /* Supporting Files */,
			);
			path = QQISSOTests;
			sourceTree = "<group>";
		};
		83D0B9EB193657930066DB81 /* Supporting Files */ = {
			isa = PBXGroup;
			children = (
				83D0B9EC193657930066DB81 /* QQISSOTests-Info.plist */,
				83D0B9ED193657930066DB81 /* InfoPlist.strings */,
			);
			name = "Supporting Files";
			sourceTree = "<group>";
		};
		83D0B9FA19365AFF0066DB81 /* tela_inicial */ = {
			isa = PBXGroup;
			children = (
				83D0BA0F19365CE00066DB81 /* TelaInicialViewController.h */,
				83D0BA1019365CE00066DB81 /* TelaInicialViewController.m */,
				83D0BA1119365CE00066DB81 /* TelaInicialViewController.xib */,
			);
			name = tela_inicial;
			sourceTree = "<group>";
		};
		83D0B9FB19365B250066DB81 /* escolha_de_temas */ = {
			isa = PBXGroup;
			children = (
				83D0BA0419365C2B0066DB81 /* EscolhaTemasViewController.h */,
				83D0BA0519365C2B0066DB81 /* EscolhaTemasViewController.m */,
				83D0BA0619365C2B0066DB81 /* EscolhaTemasViewController.xib */,
			);
			name = escolha_de_temas;
			sourceTree = "<group>";
		};
		83D0B9FC19365B390066DB81 /* app_delegate */ = {
			isa = PBXGroup;
			children = (
				83D0B9DA193657930066DB81 /* AppDelegate.h */,
				83D0B9DB193657930066DB81 /* AppDelegate.m */,
			);
			name = app_delegate;
			sourceTree = "<group>";
		};
		83D0B9FD19365B4F0066DB81 /* fases */ = {
			isa = PBXGroup;
			children = (
				83D0BA0919365C510066DB81 /* filmes */,
				83D0B9FE19365BF50066DB81 /* comidas */,
			);
			name = fases;
			sourceTree = "<group>";
		};
		83D0B9FE19365BF50066DB81 /* comidas */ = {
			isa = PBXGroup;
			children = (
				83D0B9FF19365C0D0066DB81 /* ComidasViewController.h */,
				83D0BA0019365C0D0066DB81 /* ComidasViewController.m */,
				83D0BA0119365C0D0066DB81 /* ComidasViewController.xib */,
			);
			name = comidas;
			sourceTree = "<group>";
		};
		83D0BA0919365C510066DB81 /* filmes */ = {
			isa = PBXGroup;
			children = (
				83D0BA0A19365C5F0066DB81 /* FilmesViewController.h */,
				83D0BA0B19365C5F0066DB81 /* FilmesViewController.m */,
				83D0BA0C19365C5F0066DB81 /* FilmesViewController.xib */,
			);
			name = filmes;
			sourceTree = "<group>";
		};
/* End PBXGroup section */

/* Begin PBXNativeTarget section */
		83D0B9C7193657930066DB81 /* QQISSO */ = {
			isa = PBXNativeTarget;
			buildConfigurationList = 83D0B9F4193657930066DB81 /* Build configuration list for PBXNativeTarget "QQISSO" */;
			buildPhases = (
				83D0B9C4193657930066DB81 /* Sources */,
				83D0B9C5193657930066DB81 /* Frameworks */,
				83D0B9C6193657930066DB81 /* Resources */,
			);
			buildRules = (
			);
			dependencies = (
			);
			name = QQISSO;
			productName = QQISSO;
			productReference = 83D0B9C8193657930066DB81 /* QQISSO.app */;
			productType = "com.apple.product-type.application";
		};
		83D0B9E2193657930066DB81 /* QQISSOTests */ = {
			isa = PBXNativeTarget;
			buildConfigurationList = 83D0B9F7193657930066DB81 /* Build configuration list for PBXNativeTarget "QQISSOTests" */;
			buildPhases = (
				83D0B9DF193657930066DB81 /* Sources */,
				83D0B9E0193657930066DB81 /* Frameworks */,
				83D0B9E1193657930066DB81 /* Resources */,
			);
			buildRules = (
			);
			dependencies = (
				83D0B9E9193657930066DB81 /* PBXTargetDependency */,
			);
			name = QQISSOTests;
			productName = QQISSOTests;
			productReference = 83D0B9E3193657930066DB81 /* QQISSOTests.xctest */;
			productType = "com.apple.product-type.bundle.unit-test";
		};
/* End PBXNativeTarget section */

/* Begin PBXProject section */
		83D0B9C0193657930066DB81 /* Project object */ = {
			isa = PBXProject;
			attributes = {
				LastUpgradeCheck = 0500;
				ORGANIZATIONNAME = "Allan Jhones Ribeiro de Souza";
				TargetAttributes = {
					83D0B9E2193657930066DB81 = {
						TestTargetID = 83D0B9C7193657930066DB81;
					};
				};
			};
			buildConfigurationList = 83D0B9C3193657930066DB81 /* Build configuration list for PBXProject "QQISSO" */;
			compatibilityVersion = "Xcode 3.2";
			developmentRegion = English;
			hasScannedForEncodings = 0;
			knownRegions = (
				en,
			);
			mainGroup = 83D0B9BF193657930066DB81;
			productRefGroup = 83D0B9C9193657930066DB81 /* Products */;
			projectDirPath = "";
			projectRoot = "";
			targets = (
				83D0B9C7193657930066DB81 /* QQISSO */,
				83D0B9E2193657930066DB81 /* QQISSOTests */,
			);
		};
/* End PBXProject section */

/* Begin PBXResourcesBuildPhase section */
		83D0B9C6193657930066DB81 /* Resources */ = {
			isa = PBXResourcesBuildPhase;
			buildActionMask = 2147483647;
			files = (
				83D0BA0E19365C5F0066DB81 /* FilmesViewController.xib in Resources */,
				83D0BA0319365C0D0066DB81 /* ComidasViewController.xib in Resources */,
				83D0BA1319365CE00066DB81 /* TelaInicialViewController.xib in Resources */,
				83D0B9D6193657930066DB81 /* InfoPlist.strings in Resources */,
				83D0B9DE193657930066DB81 /* Images.xcassets in Resources */,
				83D0BA0819365C2B0066DB81 /* EscolhaTemasViewController.xib in Resources */,
			);
			runOnlyForDeploymentPostprocessing = 0;
		};
		83D0B9E1193657930066DB81 /* Resources */ = {
			isa = PBXResourcesBuildPhase;
			buildActionMask = 2147483647;
			files = (
				83D0B9EF193657930066DB81 /* InfoPlist.strings in Resources */,
			);
			runOnlyForDeploymentPostprocessing = 0;
		};
/* End PBXResourcesBuildPhase section */

/* Begin PBXSourcesBuildPhase section */
		83D0B9C4193657930066DB81 /* Sources */ = {
			isa = PBXSourcesBuildPhase;
			buildActionMask = 2147483647;
			files = (
				83D0BA1219365CE00066DB81 /* TelaInicialViewController.m in Sources */,
				83D0B9DC193657930066DB81 /* AppDelegate.m in Sources */,
				83D0B9D8193657930066DB81 /* main.m in Sources */,
				83D0BA0219365C0D0066DB81 /* ComidasViewController.m in Sources */,
				83D0BA0D19365C5F0066DB81 /* FilmesViewController.m in Sources */,
				83D0BA0719365C2B0066DB81 /* EscolhaTemasViewController.m in Sources */,
			);
			runOnlyForDeploymentPostprocessing = 0;
		};
		83D0B9DF193657930066DB81 /* Sources */ = {
			isa = PBXSourcesBuildPhase;
			buildActionMask = 2147483647;
			files = (
				83D0B9F1193657930066DB81 /* QQISSOTests.m in Sources */,
			);
			runOnlyForDeploymentPostprocessing = 0;
		};
/* End PBXSourcesBuildPhase section */

/* Begin PBXTargetDependency section */
		83D0B9E9193657930066DB81 /* PBXTargetDependency */ = {
			isa = PBXTargetDependency;
			target = 83D0B9C7193657930066DB81 /* QQISSO */;
			targetProxy = 83D0B9E8193657930066DB81 /* PBXContainerItemProxy */;
		};
/* End PBXTargetDependency section */

/* Begin PBXVariantGroup section */
		83D0B9D4193657930066DB81 /* InfoPlist.strings */ = {
			isa = PBXVariantGroup;
			children = (
				83D0B9D5193657930066DB81 /* en */,
			);
			name = InfoPlist.strings;
			sourceTree = "<group>";
		};
		83D0B9ED193657930066DB81 /* InfoPlist.strings */ = {
			isa = PBXVariantGroup;
			children = (
				83D0B9EE193657930066DB81 /* en */,
			);
			name = InfoPlist.strings;
			sourceTree = "<group>";
		};
/* End PBXVariantGroup section */

/* Begin XCBuildConfiguration section */
		83D0B9F2193657930066DB81 /* Debug */ = {
			isa = XCBuildConfiguration;
			buildSettings = {
				ALWAYS_SEARCH_USER_PATHS = NO;
				ARCHS = "$(ARCHS_STANDARD_INCLUDING_64_BIT)";
				CLANG_CXX_LANGUAGE_STANDARD = "gnu++0x";
				CLANG_CXX_LIBRARY = "libc++";
				CLANG_ENABLE_MODULES = YES;
				CLANG_ENABLE_OBJC_ARC = YES;
				CLANG_WARN_BOOL_CONVERSION = YES;
				CLANG_WARN_CONSTANT_CONVERSION = YES;
				CLANG_WARN_DIRECT_OBJC_ISA_USAGE = YES_ERROR;
				CLANG_WARN_EMPTY_BODY = YES;
				CLANG_WARN_ENUM_CONVERSION = YES;
				CLANG_WARN_INT_CONVERSION = YES;
				CLANG_WARN_OBJC_ROOT_CLASS = YES_ERROR;
				CLANG_WARN__DUPLICATE_METHOD_MATCH = YES;
				"CODE_SIGN_IDENTITY[sdk=iphoneos*]" = "iPhone Developer";
				COPY_PHASE_STRIP = NO;
				GCC_C_LANGUAGE_STANDARD = gnu99;
				GCC_DYNAMIC_NO_PIC = NO;
				GCC_OPTIMIZATION_LEVEL = 0;
				GCC_PREPROCESSOR_DEFINITIONS = (
					"DEBUG=1",
					"$(inherited)",
				);
				GCC_SYMBOLS_PRIVATE_EXTERN = NO;
				GCC_WARN_64_TO_32_BIT_CONVERSION = YES;
				GCC_WARN_ABOUT_RETURN_TYPE = YES_ERROR;
				GCC_WARN_UNDECLARED_SELECTOR = YES;
				GCC_WARN_UNINITIALIZED_AUTOS = YES;
				GCC_WARN_UNUSED_FUNCTION = YES;
				GCC_WARN_UNUSED_VARIABLE = YES;
				IPHONEOS_DEPLOYMENT_TARGET = 7.0;
				ONLY_ACTIVE_ARCH = YES;
				SDKROOT = iphoneos;
				TARGETED_DEVICE_FAMILY = "1,2";
			};
			name = Debug;
		};
		83D0B9F3193657930066DB81 /* Release */ = {
			isa = XCBuildConfiguration;
			buildSettings = {
				ALWAYS_SEARCH_USER_PATHS = NO;
				ARCHS = "$(ARCHS_STANDARD_INCLUDING_64_BIT)";
				CLANG_CXX_LANGUAGE_STANDARD = "gnu++0x";
				CLANG_CXX_LIBRARY = "libc++";
				CLANG_ENABLE_MODULES = YES;
				CLANG_ENABLE_OBJC_ARC = YES;
				CLANG_WARN_BOOL_CONVERSION = YES;
				CLANG_WARN_CONSTANT_CONVERSION = YES;
				CLANG_WARN_DIRECT_OBJC_ISA_USAGE = YES_ERROR;
				CLANG_WARN_EMPTY_BODY = YES;
				CLANG_WARN_ENUM_CONVERSION = YES;
				CLANG_WARN_INT_CONVERSION = YES;
				CLANG_WARN_OBJC_ROOT_CLASS = YES_ERROR;
				CLANG_WARN__DUPLICATE_METHOD_MATCH = YES;
				"CODE_SIGN_IDENTITY[sdk=iphoneos*]" = "iPhone Developer";
				COPY_PHASE_STRIP = YES;
				ENABLE_NS_ASSERTIONS = NO;
				GCC_C_LANGUAGE_STANDARD = gnu99;
				GCC_WARN_64_TO_32_BIT_CONVERSION = YES;
				GCC_WARN_ABOUT_RETURN_TYPE = YES_ERROR;
				GCC_WARN_UNDECLARED_SELECTOR = YES;
				GCC_WARN_UNINITIALIZED_AUTOS = YES;
				GCC_WARN_UNUSED_FUNCTION = YES;
				GCC_WARN_UNUSED_VARIABLE = YES;
				IPHONEOS_DEPLOYMENT_TARGET = 7.0;
				SDKROOT = iphoneos;
				TARGETED_DEVICE_FAMILY = "1,2";
				VALIDATE_PRODUCT = YES;
			};
			name = Release;
		};
		83D0B9F5193657930066DB81 /* Debug */ = {
			isa = XCBuildConfiguration;
			buildSettings = {
				ASSETCATALOG_COMPILER_APPICON_NAME = AppIcon;
				ASSETCATALOG_COMPILER_LAUNCHIMAGE_NAME = LaunchImage;
				GCC_PRECOMPILE_PREFIX_HEADER = YES;
				GCC_PREFIX_HEADER = "QQISSO/QQISSO-Prefix.pch";
				INFOPLIST_FILE = "QQISSO/QQISSO-Info.plist";
				PRODUCT_NAME = "$(TARGET_NAME)";
				WRAPPER_EXTENSION = app;
			};
			name = Debug;
		};
		83D0B9F6193657930066DB81 /* Release */ = {
			isa = XCBuildConfiguration;
			buildSettings = {
				ASSETCATALOG_COMPILER_APPICON_NAME = AppIcon;
				ASSETCATALOG_COMPILER_LAUNCHIMAGE_NAME = LaunchImage;
				GCC_PRECOMPILE_PREFIX_HEADER = YES;
				GCC_PREFIX_HEADER = "QQISSO/QQISSO-Prefix.pch";
				INFOPLIST_FILE = "QQISSO/QQISSO-Info.plist";
				PRODUCT_NAME = "$(TARGET_NAME)";
				WRAPPER_EXTENSION = app;
			};
			name = Release;
		};
		83D0B9F8193657930066DB81 /* Debug */ = {
			isa = XCBuildConfiguration;
			buildSettings = {
				ARCHS = "$(ARCHS_STANDARD_INCLUDING_64_BIT)";
				BUNDLE_LOADER = "$(BUILT_PRODUCTS_DIR)/QQISSO.app/QQISSO";
				FRAMEWORK_SEARCH_PATHS = (
					"$(SDKROOT)/Developer/Library/Frameworks",
					"$(inherited)",
					"$(DEVELOPER_FRAMEWORKS_DIR)",
				);
				GCC_PRECOMPILE_PREFIX_HEADER = YES;
				GCC_PREFIX_HEADER = "QQISSO/QQISSO-Prefix.pch";
				GCC_PREPROCESSOR_DEFINITIONS = (
					"DEBUG=1",
					"$(inherited)",
				);
				INFOPLIST_FILE = "QQISSOTests/QQISSOTests-Info.plist";
				PRODUCT_NAME = "$(TARGET_NAME)";
				TEST_HOST = "$(BUNDLE_LOADER)";
				WRAPPER_EXTENSION = xctest;
			};
			name = Debug;
		};
		83D0B9F9193657930066DB81 /* Release */ = {
			isa = XCBuildConfiguration;
			buildSettings = {
				ARCHS = "$(ARCHS_STANDARD_INCLUDING_64_BIT)";
				BUNDLE_LOADER = "$(BUILT_PRODUCTS_DIR)/QQISSO.app/QQISSO";
				FRAMEWORK_SEARCH_PATHS = (
					"$(SDKROOT)/Developer/Library/Frameworks",
					"$(inherited)",
					"$(DEVELOPER_FRAMEWORKS_DIR)",
				);
				GCC_PRECOMPILE_PREFIX_HEADER = YES;
				GCC_PREFIX_HEADER = "QQISSO/QQISSO-Prefix.pch";
				INFOPLIST_FILE = "QQISSOTests/QQISSOTests-Info.plist";
				PRODUCT_NAME = "$(TARGET_NAME)";
				TEST_HOST = "$(BUNDLE_LOADER)";
				WRAPPER_EXTENSION = xctest;
			};
			name = Release;
		};
/* End XCBuildConfiguration section */

/* Begin XCConfigurationList section */
		83D0B9C3193657930066DB81 /* Build configuration list for PBXProject "QQISSO" */ = {
			isa = XCConfigurationList;
			buildConfigurations = (
				83D0B9F2193657930066DB81 /* Debug */,
				83D0B9F3193657930066DB81 /* Release */,
			);
			defaultConfigurationIsVisible = 0;
			defaultConfigurationName = Release;
		};
		83D0B9F4193657930066DB81 /* Build configuration list for PBXNativeTarget "QQISSO" */ = {
			isa = XCConfigurationList;
			buildConfigurations = (
				83D0B9F5193657930066DB81 /* Debug */,
				83D0B9F6193657930066DB81 /* Release */,
			);
			defaultConfigurationIsVisible = 0;
		};
		83D0B9F7193657930066DB81 /* Build configuration list for PBXNativeTarget "QQISSOTests" */ = {
			isa = XCConfigurationList;
			buildConfigurations = (
				83D0B9F8193657930066DB81 /* Debug */,
				83D0B9F9193657930066DB81 /* Release */,
			);
			defaultConfigurationIsVisible = 0;
		};
/* End XCConfigurationList section */
	};
	rootObject = 83D0B9C0193657930066DB81 /* Project object */;
}
